
Microsoft Visual Studio Solution File, Format Version 12.00
# Visual Studio 15
VisualStudioVersion = 15.0.27703.2047
MinimumVisualStudioVersion = 10.0.40219.1
Project("{FAE04EC0-301F-11D3-BF4B-00C04F79EFBC}") = "CodewarsScoreFinder", "CodewarsScoreFinder\CodewarsScoreFinder.csproj", "{3090BC4E-B8DE-4155-A4B4-EE0969A99585}"
EndProject
Global
	GlobalSection(SolutionConfigurationPlatforms) = preSolution
		Debug|Any CPU = Debug|Any CPU
		Release|Any CPU = Release|Any CPU
	EndGlobalSection
	GlobalSection(ProjectConfigurationPlatforms) = postSolution
		{3090BC4E-B8DE-4155-A4B4-EE0969A99585}.Debug|Any CPU.ActiveCfg = Debug|Any CPU
		{3090BC4E-B8DE-4155-A4B4-EE0969A99585}.Debug|Any CPU.Build.0 = Debug|Any CPU
		{3090BC4E-B8DE-4155-A4B4-EE0969A99585}.Release|Any CPU.ActiveCfg = Release|Any CPU
		{3090BC4E-B8DE-4155-A4B4-EE0969A99585}.Release|Any CPU.Build.0 = Release|Any CPU
	EndGlobalSection
	GlobalSection(SolutionProperties) = preSolution
		HideSolutionNode = FALSE
	EndGlobalSection
	GlobalSection(ExtensibilityGlobals) = postSolution
		SolutionGuid = {236ECE22-03AC-45BB-BDCA-95528158528A}
	EndGlobalSection
EndGlobal
